// !$*UTF8*$!
{
	archiveVersion = 1;
	classes = {
	};
	objectVersion = 56;
	objects = {

/* Begin PBXBuildFile section */
		A60DCA8E2C4ECD5000F8A4C2 /* DGCharts in Frameworks */ = {isa = PBXBuildFile; productRef = A60DCA8D2C4ECD5000F8A4C2 /* DGCharts */; };
		A60DCA902C4ECD5000F8A4C2 /* DGChartsDynamic in Frameworks */ = {isa = PBXBuildFile; productRef = A60DCA8F2C4ECD5000F8A4C2 /* DGChartsDynamic */; };
		A60DCA922C4ED37E00F8A4C2 /* GymBreakupView.swift in Sources */ = {isa = PBXBuildFile; fileRef = A60DCA912C4ED37E00F8A4C2 /* GymBreakupView.swift */; };
		A62D2BA52C4B8D5B0066E2ED /* GymProfileViewController.swift in Sources */ = {isa = PBXBuildFile; fileRef = A62D2BA42C4B8D5B0066E2ED /* GymProfileViewController.swift */; };
		A63391F42C4F814C0095B21B /* dump.swift in Sources */ = {isa = PBXBuildFile; fileRef = A63391F32C4F814C0095B21B /* dump.swift */; };
		A63391F72C4F92AF0095B21B /* HomeViewController.swift in Sources */ = {isa = PBXBuildFile; fileRef = A63391F62C4F92AF0095B21B /* HomeViewController.swift */; };
		A63391FA2C4F94A70095B21B /* HeaderView.swift in Sources */ = {isa = PBXBuildFile; fileRef = A63391F92C4F94A70095B21B /* HeaderView.swift */; };
		A63391FD2C4FA00E0095B21B /* TabBarController.swift in Sources */ = {isa = PBXBuildFile; fileRef = A63391FC2C4FA00E0095B21B /* TabBarController.swift */; };
		A63391FF2C4FA5430095B21B /* GymTabBar.swift in Sources */ = {isa = PBXBuildFile; fileRef = A63391FE2C4FA5430095B21B /* GymTabBar.swift */; };
		A64809082C4A793D0086D7A7 /* CreateUserViewController.swift in Sources */ = {isa = PBXBuildFile; fileRef = A64809072C4A793D0086D7A7 /* CreateUserViewController.swift */; };
		A64C8CC12C490CA800AF9508 /* UserDetailViewController.swift in Sources */ = {isa = PBXBuildFile; fileRef = A64C8CC02C490CA800AF9508 /* UserDetailViewController.swift */; };
		A64C8CC32C490CE600AF9508 /* CarouselView.swift in Sources */ = {isa = PBXBuildFile; fileRef = A64C8CC22C490CE600AF9508 /* CarouselView.swift */; };
		A64C8CC52C490E9100AF9508 /* CarouselCell.swift in Sources */ = {isa = PBXBuildFile; fileRef = A64C8CC42C490E9100AF9508 /* CarouselCell.swift */; };
		A6794E0E2C47EB4A00080A38 /* BottomSheetPresenter.swift in Sources */ = {isa = PBXBuildFile; fileRef = A6794E0D2C47EB4A00080A38 /* BottomSheetPresenter.swift */; };
		A6794E102C47ECE200080A38 /* Extenstion+ViewController.swift in Sources */ = {isa = PBXBuildFile; fileRef = A6794E0F2C47ECE200080A38 /* Extenstion+ViewController.swift */; };
		A67AEE032C4A41ED008C9610 /* FilterBottomSheetViewController.swift in Sources */ = {isa = PBXBuildFile; fileRef = A67AEE022C4A41ED008C9610 /* FilterBottomSheetViewController.swift */; };
		A694B41F2C4CBEC600B2311F /* PlaceholderTextView.swift in Sources */ = {isa = PBXBuildFile; fileRef = A694B41E2C4CBEC600B2311F /* PlaceholderTextView.swift */; };
		A6969A282C46DEB5001EFAA4 /* GymModel.swift in Sources */ = {isa = PBXBuildFile; fileRef = A6969A272C46DEB5001EFAA4 /* GymModel.swift */; };
		A6969A2A2C46E0DF001EFAA4 /* GymRouter.swift in Sources */ = {isa = PBXBuildFile; fileRef = A6969A292C46E0DF001EFAA4 /* GymRouter.swift */; };
		A6969A2C2C46E0F3001EFAA4 /* GymInteractor.swift in Sources */ = {isa = PBXBuildFile; fileRef = A6969A2B2C46E0F3001EFAA4 /* GymInteractor.swift */; };
		A6969A2E2C46E108001EFAA4 /* GymPresenter.swift in Sources */ = {isa = PBXBuildFile; fileRef = A6969A2D2C46E108001EFAA4 /* GymPresenter.swift */; };
		A6969A302C46E119001EFAA4 /* GymWorker.swift in Sources */ = {isa = PBXBuildFile; fileRef = A6969A2F2C46E119001EFAA4 /* GymWorker.swift */; };
		A6983EB62C47996900AA71FE /* ErrorModel.swift in Sources */ = {isa = PBXBuildFile; fileRef = A6983EB52C47996900AA71FE /* ErrorModel.swift */; };
		A6983EB82C4799E300AA71FE /* ErrorPresenter.swift in Sources */ = {isa = PBXBuildFile; fileRef = A6983EB72C4799E300AA71FE /* ErrorPresenter.swift */; };
		A6983EBA2C479ED500AA71FE /* ErrorViewModel.swift in Sources */ = {isa = PBXBuildFile; fileRef = A6983EB92C479ED500AA71FE /* ErrorViewModel.swift */; };
		A6983EBC2C47A77500AA71FE /* ErrorBottomSheetViewController.swift in Sources */ = {isa = PBXBuildFile; fileRef = A6983EBB2C47A77500AA71FE /* ErrorBottomSheetViewController.swift */; };
		A6D84DE42C4E30A2002137BE /* ProfileViewController.swift in Sources */ = {isa = PBXBuildFile; fileRef = A6D84DE32C4E30A2002137BE /* ProfileViewController.swift */; };
		A6D84DE62C4E46D2002137BE /* PendingActionTableViewCell.swift in Sources */ = {isa = PBXBuildFile; fileRef = A6D84DE52C4E46D2002137BE /* PendingActionTableViewCell.swift */; };
		A6D84DE82C4E55B1002137BE /* MembershipCollectionViewCell.swift in Sources */ = {isa = PBXBuildFile; fileRef = A6D84DE72C4E55B1002137BE /* MembershipCollectionViewCell.swift */; };
		A6D84DEB2C4E80D1002137BE /* DashboardViewController.swift in Sources */ = {isa = PBXBuildFile; fileRef = A6D84DEA2C4E80D1002137BE /* DashboardViewController.swift */; };
		A6D84DED2C4E8639002137BE /* DashboardHeaderView.swift in Sources */ = {isa = PBXBuildFile; fileRef = A6D84DEC2C4E8639002137BE /* DashboardHeaderView.swift */; };
		A6F5143B2C464D1A002053CA /* AppDelegate.swift in Sources */ = {isa = PBXBuildFile; fileRef = A6F5143A2C464D1A002053CA /* AppDelegate.swift */; };
		A6F5143D2C464D1A002053CA /* SceneDelegate.swift in Sources */ = {isa = PBXBuildFile; fileRef = A6F5143C2C464D1A002053CA /* SceneDelegate.swift */; };
		A6F5143F2C464D1A002053CA /* ViewController.swift in Sources */ = {isa = PBXBuildFile; fileRef = A6F5143E2C464D1A002053CA /* ViewController.swift */; };
		A6F514452C464D1A002053CA /* RemindPay.xcdatamodeld in Sources */ = {isa = PBXBuildFile; fileRef = A6F514432C464D1A002053CA /* RemindPay.xcdatamodeld */; };
		A6F514472C464D1B002053CA /* Assets.xcassets in Resources */ = {isa = PBXBuildFile; fileRef = A6F514462C464D1B002053CA /* Assets.xcassets */; };
		A6F5144A2C464D1B002053CA /* LaunchScreen.storyboard in Resources */ = {isa = PBXBuildFile; fileRef = A6F514482C464D1B002053CA /* LaunchScreen.storyboard */; };
		A6F514552C464D1B002053CA /* RemindPayTests.swift in Sources */ = {isa = PBXBuildFile; fileRef = A6F514542C464D1B002053CA /* RemindPayTests.swift */; };
		A6F5145F2C464D1B002053CA /* RemindPayUITests.swift in Sources */ = {isa = PBXBuildFile; fileRef = A6F5145E2C464D1B002053CA /* RemindPayUITests.swift */; };
		A6F514612C464D1B002053CA /* RemindPayUITestsLaunchTests.swift in Sources */ = {isa = PBXBuildFile; fileRef = A6F514602C464D1B002053CA /* RemindPayUITestsLaunchTests.swift */; };
		A6F5146E2C46524A002053CA /* GymCardView.swift in Sources */ = {isa = PBXBuildFile; fileRef = A6F5146D2C46524A002053CA /* GymCardView.swift */; };
		A6F514702C4653B3002053CA /* Utility+View.swift in Sources */ = {isa = PBXBuildFile; fileRef = A6F5146F2C4653B3002053CA /* Utility+View.swift */; };
		A6F514732C465B02002053CA /* GymViewController.swift in Sources */ = {isa = PBXBuildFile; fileRef = A6F514722C465B02002053CA /* GymViewController.swift */; };
		A6F514752C465B2A002053CA /* GymHeaderView.swift in Sources */ = {isa = PBXBuildFile; fileRef = A6F514742C465B2A002053CA /* GymHeaderView.swift */; };
		A6F514772C468035002053CA /* SearchView.swift in Sources */ = {isa = PBXBuildFile; fileRef = A6F514762C468035002053CA /* SearchView.swift */; };
		A6F5147A2C46AAA3002053CA /* happyFace.jpg in Resources */ = {isa = PBXBuildFile; fileRef = A6F514792C46AAA3002053CA /* happyFace.jpg */; };
/* End PBXBuildFile section */

/* Begin PBXContainerItemProxy section */
		A6F514512C464D1B002053CA /* PBXContainerItemProxy */ = {
			isa = PBXContainerItemProxy;
			containerPortal = A6F5142F2C464D1A002053CA /* Project object */;
			proxyType = 1;
			remoteGlobalIDString = A6F514362C464D1A002053CA;
			remoteInfo = RemindPay;
		};
		A6F5145B2C464D1B002053CA /* PBXContainerItemProxy */ = {
			isa = PBXContainerItemProxy;
			containerPortal = A6F5142F2C464D1A002053CA /* Project object */;
			proxyType = 1;
			remoteGlobalIDString = A6F514362C464D1A002053CA;
			remoteInfo = RemindPay;
		};
/* End PBXContainerItemProxy section */

/* Begin PBXFileReference section */
		A60DCA912C4ED37E00F8A4C2 /* GymBreakupView.swift */ = {isa = PBXFileReference; lastKnownFileType = sourcecode.swift; path = GymBreakupView.swift; sourceTree = "<group>"; };
		A62D2BA42C4B8D5B0066E2ED /* GymProfileViewController.swift */ = {isa = PBXFileReference; lastKnownFileType = sourcecode.swift; path = GymProfileViewController.swift; sourceTree = "<group>"; };
		A63391F32C4F814C0095B21B /* dump.swift */ = {isa = PBXFileReference; lastKnownFileType = sourcecode.swift; path = dump.swift; sourceTree = "<group>"; };
		A63391F62C4F92AF0095B21B /* HomeViewController.swift */ = {isa = PBXFileReference; lastKnownFileType = sourcecode.swift; path = HomeViewController.swift; sourceTree = "<group>"; };
		A63391F92C4F94A70095B21B /* HeaderView.swift */ = {isa = PBXFileReference; lastKnownFileType = sourcecode.swift; path = HeaderView.swift; sourceTree = "<group>"; };
		A63391FC2C4FA00E0095B21B /* TabBarController.swift */ = {isa = PBXFileReference; lastKnownFileType = sourcecode.swift; path = TabBarController.swift; sourceTree = "<group>"; };
		A63391FE2C4FA5430095B21B /* GymTabBar.swift */ = {isa = PBXFileReference; lastKnownFileType = sourcecode.swift; path = GymTabBar.swift; sourceTree = "<group>"; };
		A64809072C4A793D0086D7A7 /* CreateUserViewController.swift */ = {isa = PBXFileReference; lastKnownFileType = sourcecode.swift; path = CreateUserViewController.swift; sourceTree = "<group>"; };
		A64C8CC02C490CA800AF9508 /* UserDetailViewController.swift */ = {isa = PBXFileReference; lastKnownFileType = sourcecode.swift; path = UserDetailViewController.swift; sourceTree = "<group>"; };
		A64C8CC22C490CE600AF9508 /* CarouselView.swift */ = {isa = PBXFileReference; lastKnownFileType = sourcecode.swift; path = CarouselView.swift; sourceTree = "<group>"; };
		A64C8CC42C490E9100AF9508 /* CarouselCell.swift */ = {isa = PBXFileReference; lastKnownFileType = sourcecode.swift; path = CarouselCell.swift; sourceTree = "<group>"; };
		A6794E0D2C47EB4A00080A38 /* BottomSheetPresenter.swift */ = {isa = PBXFileReference; lastKnownFileType = sourcecode.swift; path = BottomSheetPresenter.swift; sourceTree = "<group>"; };
		A6794E0F2C47ECE200080A38 /* Extenstion+ViewController.swift */ = {isa = PBXFileReference; lastKnownFileType = sourcecode.swift; path = "Extenstion+ViewController.swift"; sourceTree = "<group>"; };
		A67AEE022C4A41ED008C9610 /* FilterBottomSheetViewController.swift */ = {isa = PBXFileReference; lastKnownFileType = sourcecode.swift; path = FilterBottomSheetViewController.swift; sourceTree = "<group>"; };
		A694B41E2C4CBEC600B2311F /* PlaceholderTextView.swift */ = {isa = PBXFileReference; lastKnownFileType = sourcecode.swift; path = PlaceholderTextView.swift; sourceTree = "<group>"; };
		A6969A272C46DEB5001EFAA4 /* GymModel.swift */ = {isa = PBXFileReference; lastKnownFileType = sourcecode.swift; path = GymModel.swift; sourceTree = "<group>"; };
		A6969A292C46E0DF001EFAA4 /* GymRouter.swift */ = {isa = PBXFileReference; lastKnownFileType = sourcecode.swift; path = GymRouter.swift; sourceTree = "<group>"; };
		A6969A2B2C46E0F3001EFAA4 /* GymInteractor.swift */ = {isa = PBXFileReference; lastKnownFileType = sourcecode.swift; path = GymInteractor.swift; sourceTree = "<group>"; };
		A6969A2D2C46E108001EFAA4 /* GymPresenter.swift */ = {isa = PBXFileReference; lastKnownFileType = sourcecode.swift; path = GymPresenter.swift; sourceTree = "<group>"; };
		A6969A2F2C46E119001EFAA4 /* GymWorker.swift */ = {isa = PBXFileReference; lastKnownFileType = sourcecode.swift; path = GymWorker.swift; sourceTree = "<group>"; };
		A6983EB52C47996900AA71FE /* ErrorModel.swift */ = {isa = PBXFileReference; lastKnownFileType = sourcecode.swift; path = ErrorModel.swift; sourceTree = "<group>"; };
		A6983EB72C4799E300AA71FE /* ErrorPresenter.swift */ = {isa = PBXFileReference; lastKnownFileType = sourcecode.swift; path = ErrorPresenter.swift; sourceTree = "<group>"; };
		A6983EB92C479ED500AA71FE /* ErrorViewModel.swift */ = {isa = PBXFileReference; lastKnownFileType = sourcecode.swift; path = ErrorViewModel.swift; sourceTree = "<group>"; };
		A6983EBB2C47A77500AA71FE /* ErrorBottomSheetViewController.swift */ = {isa = PBXFileReference; lastKnownFileType = sourcecode.swift; path = ErrorBottomSheetViewController.swift; sourceTree = "<group>"; };
		A6D84DE32C4E30A2002137BE /* ProfileViewController.swift */ = {isa = PBXFileReference; lastKnownFileType = sourcecode.swift; path = ProfileViewController.swift; sourceTree = "<group>"; };
		A6D84DE52C4E46D2002137BE /* PendingActionTableViewCell.swift */ = {isa = PBXFileReference; lastKnownFileType = sourcecode.swift; path = PendingActionTableViewCell.swift; sourceTree = "<group>"; };
		A6D84DE72C4E55B1002137BE /* MembershipCollectionViewCell.swift */ = {isa = PBXFileReference; lastKnownFileType = sourcecode.swift; path = MembershipCollectionViewCell.swift; sourceTree = "<group>"; };
		A6D84DEA2C4E80D1002137BE /* DashboardViewController.swift */ = {isa = PBXFileReference; lastKnownFileType = sourcecode.swift; path = DashboardViewController.swift; sourceTree = "<group>"; };
		A6D84DEC2C4E8639002137BE /* DashboardHeaderView.swift */ = {isa = PBXFileReference; lastKnownFileType = sourcecode.swift; path = DashboardHeaderView.swift; sourceTree = "<group>"; };
		A6F514372C464D1A002053CA /* RemindPay.app */ = {isa = PBXFileReference; explicitFileType = wrapper.application; includeInIndex = 0; path = RemindPay.app; sourceTree = BUILT_PRODUCTS_DIR; };
		A6F5143A2C464D1A002053CA /* AppDelegate.swift */ = {isa = PBXFileReference; lastKnownFileType = sourcecode.swift; path = AppDelegate.swift; sourceTree = "<group>"; };
		A6F5143C2C464D1A002053CA /* SceneDelegate.swift */ = {isa = PBXFileReference; lastKnownFileType = sourcecode.swift; path = SceneDelegate.swift; sourceTree = "<group>"; };
		A6F5143E2C464D1A002053CA /* ViewController.swift */ = {isa = PBXFileReference; lastKnownFileType = sourcecode.swift; path = ViewController.swift; sourceTree = "<group>"; };
		A6F514442C464D1A002053CA /* RemindPay.xcdatamodel */ = {isa = PBXFileReference; lastKnownFileType = wrapper.xcdatamodel; path = RemindPay.xcdatamodel; sourceTree = "<group>"; };
		A6F514462C464D1B002053CA /* Assets.xcassets */ = {isa = PBXFileReference; lastKnownFileType = folder.assetcatalog; path = Assets.xcassets; sourceTree = "<group>"; };
		A6F514492C464D1B002053CA /* Base */ = {isa = PBXFileReference; lastKnownFileType = file.storyboard; name = Base; path = Base.lproj/LaunchScreen.storyboard; sourceTree = "<group>"; };
		A6F5144B2C464D1B002053CA /* Info.plist */ = {isa = PBXFileReference; lastKnownFileType = text.plist.xml; path = Info.plist; sourceTree = "<group>"; };
		A6F514502C464D1B002053CA /* RemindPayTests.xctest */ = {isa = PBXFileReference; explicitFileType = wrapper.cfbundle; includeInIndex = 0; path = RemindPayTests.xctest; sourceTree = BUILT_PRODUCTS_DIR; };
		A6F514542C464D1B002053CA /* RemindPayTests.swift */ = {isa = PBXFileReference; lastKnownFileType = sourcecode.swift; path = RemindPayTests.swift; sourceTree = "<group>"; };
		A6F5145A2C464D1B002053CA /* RemindPayUITests.xctest */ = {isa = PBXFileReference; explicitFileType = wrapper.cfbundle; includeInIndex = 0; path = RemindPayUITests.xctest; sourceTree = BUILT_PRODUCTS_DIR; };
		A6F5145E2C464D1B002053CA /* RemindPayUITests.swift */ = {isa = PBXFileReference; lastKnownFileType = sourcecode.swift; path = RemindPayUITests.swift; sourceTree = "<group>"; };
		A6F514602C464D1B002053CA /* RemindPayUITestsLaunchTests.swift */ = {isa = PBXFileReference; lastKnownFileType = sourcecode.swift; path = RemindPayUITestsLaunchTests.swift; sourceTree = "<group>"; };
		A6F5146D2C46524A002053CA /* GymCardView.swift */ = {isa = PBXFileReference; lastKnownFileType = sourcecode.swift; path = GymCardView.swift; sourceTree = "<group>"; };
		A6F5146F2C4653B3002053CA /* Utility+View.swift */ = {isa = PBXFileReference; lastKnownFileType = sourcecode.swift; path = "Utility+View.swift"; sourceTree = "<group>"; };
		A6F514722C465B02002053CA /* GymViewController.swift */ = {isa = PBXFileReference; lastKnownFileType = sourcecode.swift; path = GymViewController.swift; sourceTree = "<group>"; };
		A6F514742C465B2A002053CA /* GymHeaderView.swift */ = {isa = PBXFileReference; lastKnownFileType = sourcecode.swift; path = GymHeaderView.swift; sourceTree = "<group>"; };
		A6F514762C468035002053CA /* SearchView.swift */ = {isa = PBXFileReference; lastKnownFileType = sourcecode.swift; path = SearchView.swift; sourceTree = "<group>"; };
		A6F514792C46AAA3002053CA /* happyFace.jpg */ = {isa = PBXFileReference; lastKnownFileType = image.jpeg; path = happyFace.jpg; sourceTree = "<group>"; };
/* End PBXFileReference section */

/* Begin PBXFrameworksBuildPhase section */
		A6F514342C464D1A002053CA /* Frameworks */ = {
			isa = PBXFrameworksBuildPhase;
			buildActionMask = 2147483647;
			files = (
				A60DCA902C4ECD5000F8A4C2 /* DGChartsDynamic in Frameworks */,
				A60DCA8E2C4ECD5000F8A4C2 /* DGCharts in Frameworks */,
			);
			runOnlyForDeploymentPostprocessing = 0;
		};
		A6F5144D2C464D1B002053CA /* Frameworks */ = {
			isa = PBXFrameworksBuildPhase;
			buildActionMask = 2147483647;
			files = (
			);
			runOnlyForDeploymentPostprocessing = 0;
		};
		A6F514572C464D1B002053CA /* Frameworks */ = {
			isa = PBXFrameworksBuildPhase;
			buildActionMask = 2147483647;
			files = (
			);
			runOnlyForDeploymentPostprocessing = 0;
		};
/* End PBXFrameworksBuildPhase section */

/* Begin PBXGroup section */
		A62D2BA32C4B8D470066E2ED /* Profile */ = {
			isa = PBXGroup;
			children = (
				A62D2BA42C4B8D5B0066E2ED /* GymProfileViewController.swift */,
			);
			path = Profile;
			sourceTree = "<group>";
		};
		A63391F52C4F92A40095B21B /* Home */ = {
			isa = PBXGroup;
			children = (
				A63391F62C4F92AF0095B21B /* HomeViewController.swift */,
			);
			path = Home;
			sourceTree = "<group>";
		};
		A63391F82C4F94970095B21B /* Header */ = {
			isa = PBXGroup;
			children = (
				A63391F92C4F94A70095B21B /* HeaderView.swift */,
			);
			path = Header;
			sourceTree = "<group>";
		};
		A63391FB2C4F9FE80095B21B /* TabBarController */ = {
			isa = PBXGroup;
			children = (
				A63391FC2C4FA00E0095B21B /* TabBarController.swift */,
				A63391FE2C4FA5430095B21B /* GymTabBar.swift */,
			);
			path = TabBarController;
			sourceTree = "<group>";
		};
		A64809062C4A791E0086D7A7 /* CreateUser */ = {
			isa = PBXGroup;
			children = (
				A64809072C4A793D0086D7A7 /* CreateUserViewController.swift */,
			);
			path = CreateUser;
			sourceTree = "<group>";
		};
		A64C8CBF2C490C8E00AF9508 /* UserDetail */ = {
			isa = PBXGroup;
			children = (
				A64C8CC02C490CA800AF9508 /* UserDetailViewController.swift */,
			);
			path = UserDetail;
			sourceTree = "<group>";
		};
		A67AEE012C4A41DD008C9610 /* FilterBottomSheet */ = {
			isa = PBXGroup;
			children = (
				A67AEE022C4A41ED008C9610 /* FilterBottomSheetViewController.swift */,
			);
			path = FilterBottomSheet;
			sourceTree = "<group>";
		};
		A6983EB42C47995A00AA71FE /* Error */ = {
			isa = PBXGroup;
			children = (
				A6983EB52C47996900AA71FE /* ErrorModel.swift */,
				A6983EB72C4799E300AA71FE /* ErrorPresenter.swift */,
				A6983EB92C479ED500AA71FE /* ErrorViewModel.swift */,
			);
			path = Error;
			sourceTree = "<group>";
		};
		A6D84DE22C4E3068002137BE /* Profile */ = {
			isa = PBXGroup;
			children = (
				A6D84DE72C4E55B1002137BE /* MembershipCollectionViewCell.swift */,
				A6D84DE32C4E30A2002137BE /* ProfileViewController.swift */,
				A6D84DE52C4E46D2002137BE /* PendingActionTableViewCell.swift */,
			);
			path = Profile;
			sourceTree = "<group>";
		};
		A6D84DE92C4E80AE002137BE /* Dashboard */ = {
			isa = PBXGroup;
			children = (
				A6D84DEA2C4E80D1002137BE /* DashboardViewController.swift */,
				A60DCA912C4ED37E00F8A4C2 /* GymBreakupView.swift */,
				A63391F32C4F814C0095B21B /* dump.swift */,
				A6D84DEC2C4E8639002137BE /* DashboardHeaderView.swift */,
			);
			path = Dashboard;
			sourceTree = "<group>";
		};
		A6F5142E2C464D1A002053CA = {
			isa = PBXGroup;
			children = (
				A6F514392C464D1A002053CA /* RemindPay */,
				A6F514532C464D1B002053CA /* RemindPayTests */,
				A6F5145D2C464D1B002053CA /* RemindPayUITests */,
				A6F514382C464D1A002053CA /* Products */,
			);
			sourceTree = "<group>";
		};
		A6F514382C464D1A002053CA /* Products */ = {
			isa = PBXGroup;
			children = (
				A6F514372C464D1A002053CA /* RemindPay.app */,
				A6F514502C464D1B002053CA /* RemindPayTests.xctest */,
				A6F5145A2C464D1B002053CA /* RemindPayUITests.xctest */,
			);
			name = Products;
			sourceTree = "<group>";
		};
		A6F514392C464D1A002053CA /* RemindPay */ = {
			isa = PBXGroup;
			children = (
				A63391FB2C4F9FE80095B21B /* TabBarController */,
				A63391F82C4F94970095B21B /* Header */,
				A63391F52C4F92A40095B21B /* Home */,
				A6D84DE92C4E80AE002137BE /* Dashboard */,
				A6D84DE22C4E3068002137BE /* Profile */,
				A6983EB42C47995A00AA71FE /* Error */,
				A6F514782C46A9F7002053CA /* BottomSheet */,
				A6F5143A2C464D1A002053CA /* AppDelegate.swift */,
				A6F5143C2C464D1A002053CA /* SceneDelegate.swift */,
				A6F5143E2C464D1A002053CA /* ViewController.swift */,
				A6F514712C465AE0002053CA /* Gym */,
				A6F5146F2C4653B3002053CA /* Utility+View.swift */,
				A6794E0F2C47ECE200080A38 /* Extenstion+ViewController.swift */,
				A6F514462C464D1B002053CA /* Assets.xcassets */,
				A6F514482C464D1B002053CA /* LaunchScreen.storyboard */,
				A6F5144B2C464D1B002053CA /* Info.plist */,
				A6F514432C464D1A002053CA /* RemindPay.xcdatamodeld */,
				A6F514792C46AAA3002053CA /* happyFace.jpg */,
				A6F514762C468035002053CA /* SearchView.swift */,
				A64C8CC22C490CE600AF9508 /* CarouselView.swift */,
				A64C8CC42C490E9100AF9508 /* CarouselCell.swift */,
				A694B41E2C4CBEC600B2311F /* PlaceholderTextView.swift */,
			);
			path = RemindPay;
			sourceTree = "<group>";
		};
		A6F514532C464D1B002053CA /* RemindPayTests */ = {
			isa = PBXGroup;
			children = (
				A6F514542C464D1B002053CA /* RemindPayTests.swift */,
			);
			path = RemindPayTests;
			sourceTree = "<group>";
		};
		A6F5145D2C464D1B002053CA /* RemindPayUITests */ = {
			isa = PBXGroup;
			children = (
				A6F5145E2C464D1B002053CA /* RemindPayUITests.swift */,
				A6F514602C464D1B002053CA /* RemindPayUITestsLaunchTests.swift */,
			);
			path = RemindPayUITests;
			sourceTree = "<group>";
		};
		A6F514712C465AE0002053CA /* Gym */ = {
			isa = PBXGroup;
			children = (
				A62D2BA32C4B8D470066E2ED /* Profile */,
				A64809062C4A791E0086D7A7 /* CreateUser */,
				A64C8CBF2C490C8E00AF9508 /* UserDetail */,
				A6F5146D2C46524A002053CA /* GymCardView.swift */,
				A6F514722C465B02002053CA /* GymViewController.swift */,
				A6F514742C465B2A002053CA /* GymHeaderView.swift */,
				A6969A272C46DEB5001EFAA4 /* GymModel.swift */,
				A6969A292C46E0DF001EFAA4 /* GymRouter.swift */,
				A6969A2B2C46E0F3001EFAA4 /* GymInteractor.swift */,
				A6969A2D2C46E108001EFAA4 /* GymPresenter.swift */,
				A6969A2F2C46E119001EFAA4 /* GymWorker.swift */,
			);
			path = Gym;
			sourceTree = "<group>";
		};
		A6F514782C46A9F7002053CA /* BottomSheet */ = {
			isa = PBXGroup;
			children = (
				A67AEE012C4A41DD008C9610 /* FilterBottomSheet */,
				A6983EBB2C47A77500AA71FE /* ErrorBottomSheetViewController.swift */,
				A6794E0D2C47EB4A00080A38 /* BottomSheetPresenter.swift */,
			);
			path = BottomSheet;
			sourceTree = "<group>";
		};
/* End PBXGroup section */

/* Begin PBXNativeTarget section */
		A6F514362C464D1A002053CA /* RemindPay */ = {
			isa = PBXNativeTarget;
			buildConfigurationList = A6F514642C464D1B002053CA /* Build configuration list for PBXNativeTarget "RemindPay" */;
			buildPhases = (
				A6F514332C464D1A002053CA /* Sources */,
				A6F514342C464D1A002053CA /* Frameworks */,
				A6F514352C464D1A002053CA /* Resources */,
			);
			buildRules = (
			);
			dependencies = (
			);
			name = RemindPay;
			packageProductDependencies = (
				A60DCA8D2C4ECD5000F8A4C2 /* DGCharts */,
				A60DCA8F2C4ECD5000F8A4C2 /* DGChartsDynamic */,
			);
			productName = RemindPay;
			productReference = A6F514372C464D1A002053CA /* RemindPay.app */;
			productType = "com.apple.product-type.application";
		};
		A6F5144F2C464D1B002053CA /* RemindPayTests */ = {
			isa = PBXNativeTarget;
			buildConfigurationList = A6F514672C464D1B002053CA /* Build configuration list for PBXNativeTarget "RemindPayTests" */;
			buildPhases = (
				A6F5144C2C464D1B002053CA /* Sources */,
				A6F5144D2C464D1B002053CA /* Frameworks */,
				A6F5144E2C464D1B002053CA /* Resources */,
			);
			buildRules = (
			);
			dependencies = (
				A6F514522C464D1B002053CA /* PBXTargetDependency */,
			);
			name = RemindPayTests;
			productName = RemindPayTests;
			productReference = A6F514502C464D1B002053CA /* RemindPayTests.xctest */;
			productType = "com.apple.product-type.bundle.unit-test";
		};
		A6F514592C464D1B002053CA /* RemindPayUITests */ = {
			isa = PBXNativeTarget;
			buildConfigurationList = A6F5146A2C464D1B002053CA /* Build configuration list for PBXNativeTarget "RemindPayUITests" */;
			buildPhases = (
				A6F514562C464D1B002053CA /* Sources */,
				A6F514572C464D1B002053CA /* Frameworks */,
				A6F514582C464D1B002053CA /* Resources */,
			);
			buildRules = (
			);
			dependencies = (
				A6F5145C2C464D1B002053CA /* PBXTargetDependency */,
			);
			name = RemindPayUITests;
			productName = RemindPayUITests;
			productReference = A6F5145A2C464D1B002053CA /* RemindPayUITests.xctest */;
			productType = "com.apple.product-type.bundle.ui-testing";
		};
/* End PBXNativeTarget section */

/* Begin PBXProject section */
		A6F5142F2C464D1A002053CA /* Project object */ = {
			isa = PBXProject;
			attributes = {
				BuildIndependentTargetsInParallel = 1;
				LastSwiftUpdateCheck = 1500;
				LastUpgradeCheck = 1500;
				TargetAttributes = {
					A6F514362C464D1A002053CA = {
						CreatedOnToolsVersion = 15.0.1;
					};
					A6F5144F2C464D1B002053CA = {
						CreatedOnToolsVersion = 15.0.1;
						TestTargetID = A6F514362C464D1A002053CA;
					};
					A6F514592C464D1B002053CA = {
						CreatedOnToolsVersion = 15.0.1;
						TestTargetID = A6F514362C464D1A002053CA;
					};
				};
			};
			buildConfigurationList = A6F514322C464D1A002053CA /* Build configuration list for PBXProject "RemindPay" */;
			compatibilityVersion = "Xcode 14.0";
			developmentRegion = en;
			hasScannedForEncodings = 0;
			knownRegions = (
				en,
				Base,
			);
			mainGroup = A6F5142E2C464D1A002053CA;
			packageReferences = (
				A60DCA8C2C4ECD5000F8A4C2 /* XCRemoteSwiftPackageReference "Charts" */,
			);
			productRefGroup = A6F514382C464D1A002053CA /* Products */;
			projectDirPath = "";
			projectRoot = "";
			targets = (
				A6F514362C464D1A002053CA /* RemindPay */,
				A6F5144F2C464D1B002053CA /* RemindPayTests */,
				A6F514592C464D1B002053CA /* RemindPayUITests */,
			);
		};
/* End PBXProject section */

/* Begin PBXResourcesBuildPhase section */
		A6F514352C464D1A002053CA /* Resources */ = {
			isa = PBXResourcesBuildPhase;
			buildActionMask = 2147483647;
			files = (
				A6F5144A2C464D1B002053CA /* LaunchScreen.storyboard in Resources */,
				A6F5147A2C46AAA3002053CA /* happyFace.jpg in Resources */,
				A6F514472C464D1B002053CA /* Assets.xcassets in Resources */,
			);
			runOnlyForDeploymentPostprocessing = 0;
		};
		A6F5144E2C464D1B002053CA /* Resources */ = {
			isa = PBXResourcesBuildPhase;
			buildActionMask = 2147483647;
			files = (
			);
			runOnlyForDeploymentPostprocessing = 0;
		};
		A6F514582C464D1B002053CA /* Resources */ = {
			isa = PBXResourcesBuildPhase;
			buildActionMask = 2147483647;
			files = (
			);
			runOnlyForDeploymentPostprocessing = 0;
		};
/* End PBXResourcesBuildPhase section */

/* Begin PBXSourcesBuildPhase section */
		A6F514332C464D1A002053CA /* Sources */ = {
			isa = PBXSourcesBuildPhase;
			buildActionMask = 2147483647;
			files = (
				A6D84DED2C4E8639002137BE /* DashboardHeaderView.swift in Sources */,
				A6983EB62C47996900AA71FE /* ErrorModel.swift in Sources */,
				A6794E102C47ECE200080A38 /* Extenstion+ViewController.swift in Sources */,
				A6983EBC2C47A77500AA71FE /* ErrorBottomSheetViewController.swift in Sources */,
				A60DCA922C4ED37E00F8A4C2 /* GymBreakupView.swift in Sources */,
				A63391F72C4F92AF0095B21B /* HomeViewController.swift in Sources */,
				A694B41F2C4CBEC600B2311F /* PlaceholderTextView.swift in Sources */,
				A67AEE032C4A41ED008C9610 /* FilterBottomSheetViewController.swift in Sources */,
				A6983EB82C4799E300AA71FE /* ErrorPresenter.swift in Sources */,
				A6D84DE82C4E55B1002137BE /* MembershipCollectionViewCell.swift in Sources */,
				A6794E0E2C47EB4A00080A38 /* BottomSheetPresenter.swift in Sources */,
				A6969A2A2C46E0DF001EFAA4 /* GymRouter.swift in Sources */,
				A6F5143F2C464D1A002053CA /* ViewController.swift in Sources */,
				A6F514772C468035002053CA /* SearchView.swift in Sources */,
				A6F5143B2C464D1A002053CA /* AppDelegate.swift in Sources */,
				A62D2BA52C4B8D5B0066E2ED /* GymProfileViewController.swift in Sources */,
				A6F5143D2C464D1A002053CA /* SceneDelegate.swift in Sources */,
				A64809082C4A793D0086D7A7 /* CreateUserViewController.swift in Sources */,
				A6969A302C46E119001EFAA4 /* GymWorker.swift in Sources */,
				A63391FA2C4F94A70095B21B /* HeaderView.swift in Sources */,
				A6F514702C4653B3002053CA /* Utility+View.swift in Sources */,
				A6D84DE62C4E46D2002137BE /* PendingActionTableViewCell.swift in Sources */,
				A6983EBA2C479ED500AA71FE /* ErrorViewModel.swift in Sources */,
				A6F514732C465B02002053CA /* GymViewController.swift in Sources */,
				A6D84DE42C4E30A2002137BE /* ProfileViewController.swift in Sources */,
				A64C8CC12C490CA800AF9508 /* UserDetailViewController.swift in Sources */,
				A6F514452C464D1A002053CA /* RemindPay.xcdatamodeld in Sources */,
				A6969A2E2C46E108001EFAA4 /* GymPresenter.swift in Sources */,
				A64C8CC32C490CE600AF9508 /* CarouselView.swift in Sources */,
				A63391FF2C4FA5430095B21B /* GymTabBar.swift in Sources */,
				A6D84DEB2C4E80D1002137BE /* DashboardViewController.swift in Sources */,
				A6969A282C46DEB5001EFAA4 /* GymModel.swift in Sources */,
				A6F5146E2C46524A002053CA /* GymCardView.swift in Sources */,
				A63391FD2C4FA00E0095B21B /* TabBarController.swift in Sources */,
				A6969A2C2C46E0F3001EFAA4 /* GymInteractor.swift in Sources */,
				A63391F42C4F814C0095B21B /* dump.swift in Sources */,
				A64C8CC52C490E9100AF9508 /* CarouselCell.swift in Sources */,
				A6F514752C465B2A002053CA /* GymHeaderView.swift in Sources */,
			);
			runOnlyForDeploymentPostprocessing = 0;
		};
		A6F5144C2C464D1B002053CA /* Sources */ = {
			isa = PBXSourcesBuildPhase;
			buildActionMask = 2147483647;
			files = (
				A6F514552C464D1B002053CA /* RemindPayTests.swift in Sources */,
			);
			runOnlyForDeploymentPostprocessing = 0;
		};
		A6F514562C464D1B002053CA /* Sources */ = {
			isa = PBXSourcesBuildPhase;
			buildActionMask = 2147483647;
			files = (
				A6F514612C464D1B002053CA /* RemindPayUITestsLaunchTests.swift in Sources */,
				A6F5145F2C464D1B002053CA /* RemindPayUITests.swift in Sources */,
			);
			runOnlyForDeploymentPostprocessing = 0;
		};
/* End PBXSourcesBuildPhase section */

/* Begin PBXTargetDependency section */
		A6F514522C464D1B002053CA /* PBXTargetDependency */ = {
			isa = PBXTargetDependency;
			target = A6F514362C464D1A002053CA /* RemindPay */;
			targetProxy = A6F514512C464D1B002053CA /* PBXContainerItemProxy */;
		};
		A6F5145C2C464D1B002053CA /* PBXTargetDependency */ = {
			isa = PBXTargetDependency;
			target = A6F514362C464D1A002053CA /* RemindPay */;
			targetProxy = A6F5145B2C464D1B002053CA /* PBXContainerItemProxy */;
		};
/* End PBXTargetDependency section */

/* Begin PBXVariantGroup section */
		A6F514482C464D1B002053CA /* LaunchScreen.storyboard */ = {
			isa = PBXVariantGroup;
			children = (
				A6F514492C464D1B002053CA /* Base */,
			);
			name = LaunchScreen.storyboard;
			sourceTree = "<group>";
		};
/* End PBXVariantGroup section */

/* Begin XCBuildConfiguration section */
		A6F514622C464D1B002053CA /* Debug */ = {
			isa = XCBuildConfiguration;
			buildSettings = {
				ALWAYS_SEARCH_USER_PATHS = NO;
				ASSETCATALOG_COMPILER_GENERATE_SWIFT_ASSET_SYMBOL_EXTENSIONS = YES;
				CLANG_ANALYZER_NONNULL = YES;
				CLANG_ANALYZER_NUMBER_OBJECT_CONVERSION = YES_AGGRESSIVE;
				CLANG_CXX_LANGUAGE_STANDARD = "gnu++20";
				CLANG_ENABLE_MODULES = YES;
				CLANG_ENABLE_OBJC_ARC = YES;
				CLANG_ENABLE_OBJC_WEAK = YES;
				CLANG_WARN_BLOCK_CAPTURE_AUTORELEASING = YES;
				CLANG_WARN_BOOL_CONVERSION = YES;
				CLANG_WARN_COMMA = YES;
				CLANG_WARN_CONSTANT_CONVERSION = YES;
				CLANG_WARN_DEPRECATED_OBJC_IMPLEMENTATIONS = YES;
				CLANG_WARN_DIRECT_OBJC_ISA_USAGE = YES_ERROR;
				CLANG_WARN_DOCUMENTATION_COMMENTS = YES;
				CLANG_WARN_EMPTY_BODY = YES;
				CLANG_WARN_ENUM_CONVERSION = YES;
				CLANG_WARN_INFINITE_RECURSION = YES;
				CLANG_WARN_INT_CONVERSION = YES;
				CLANG_WARN_NON_LITERAL_NULL_CONVERSION = YES;
				CLANG_WARN_OBJC_IMPLICIT_RETAIN_SELF = YES;
				CLANG_WARN_OBJC_LITERAL_CONVERSION = YES;
				CLANG_WARN_OBJC_ROOT_CLASS = YES_ERROR;
				CLANG_WARN_QUOTED_INCLUDE_IN_FRAMEWORK_HEADER = YES;
				CLANG_WARN_RANGE_LOOP_ANALYSIS = YES;
				CLANG_WARN_STRICT_PROTOTYPES = YES;
				CLANG_WARN_SUSPICIOUS_MOVE = YES;
				CLANG_WARN_UNGUARDED_AVAILABILITY = YES_AGGRESSIVE;
				CLANG_WARN_UNREACHABLE_CODE = YES;
				CLANG_WARN__DUPLICATE_METHOD_MATCH = YES;
				COPY_PHASE_STRIP = NO;
				DEBUG_INFORMATION_FORMAT = dwarf;
				ENABLE_STRICT_OBJC_MSGSEND = YES;
				ENABLE_TESTABILITY = YES;
				ENABLE_USER_SCRIPT_SANDBOXING = YES;
				GCC_C_LANGUAGE_STANDARD = gnu17;
				GCC_DYNAMIC_NO_PIC = NO;
				GCC_NO_COMMON_BLOCKS = YES;
				GCC_OPTIMIZATION_LEVEL = 0;
				GCC_PREPROCESSOR_DEFINITIONS = (
					"DEBUG=1",
					"$(inherited)",
				);
				GCC_WARN_64_TO_32_BIT_CONVERSION = YES;
				GCC_WARN_ABOUT_RETURN_TYPE = YES_ERROR;
				GCC_WARN_UNDECLARED_SELECTOR = YES;
				GCC_WARN_UNINITIALIZED_AUTOS = YES_AGGRESSIVE;
				GCC_WARN_UNUSED_FUNCTION = YES;
				GCC_WARN_UNUSED_VARIABLE = YES;
				IPHONEOS_DEPLOYMENT_TARGET = 17.0;
				LOCALIZATION_PREFERS_STRING_CATALOGS = YES;
				MTL_ENABLE_DEBUG_INFO = INCLUDE_SOURCE;
				MTL_FAST_MATH = YES;
				ONLY_ACTIVE_ARCH = YES;
				SDKROOT = iphoneos;
				SWIFT_ACTIVE_COMPILATION_CONDITIONS = "DEBUG $(inherited)";
				SWIFT_OPTIMIZATION_LEVEL = "-Onone";
			};
			name = Debug;
		};
		A6F514632C464D1B002053CA /* Release */ = {
			isa = XCBuildConfiguration;
			buildSettings = {
				ALWAYS_SEARCH_USER_PATHS = NO;
				ASSETCATALOG_COMPILER_GENERATE_SWIFT_ASSET_SYMBOL_EXTENSIONS = YES;
				CLANG_ANALYZER_NONNULL = YES;
				CLANG_ANALYZER_NUMBER_OBJECT_CONVERSION = YES_AGGRESSIVE;
				CLANG_CXX_LANGUAGE_STANDARD = "gnu++20";
				CLANG_ENABLE_MODULES = YES;
				CLANG_ENABLE_OBJC_ARC = YES;
				CLANG_ENABLE_OBJC_WEAK = YES;
				CLANG_WARN_BLOCK_CAPTURE_AUTORELEASING = YES;
				CLANG_WARN_BOOL_CONVERSION = YES;
				CLANG_WARN_COMMA = YES;
				CLANG_WARN_CONSTANT_CONVERSION = YES;
				CLANG_WARN_DEPRECATED_OBJC_IMPLEMENTATIONS = YES;
				CLANG_WARN_DIRECT_OBJC_ISA_USAGE = YES_ERROR;
				CLANG_WARN_DOCUMENTATION_COMMENTS = YES;
				CLANG_WARN_EMPTY_BODY = YES;
				CLANG_WARN_ENUM_CONVERSION = YES;
				CLANG_WARN_INFINITE_RECURSION = YES;
				CLANG_WARN_INT_CONVERSION = YES;
				CLANG_WARN_NON_LITERAL_NULL_CONVERSION = YES;
				CLANG_WARN_OBJC_IMPLICIT_RETAIN_SELF = YES;
				CLANG_WARN_OBJC_LITERAL_CONVERSION = YES;
				CLANG_WARN_OBJC_ROOT_CLASS = YES_ERROR;
				CLANG_WARN_QUOTED_INCLUDE_IN_FRAMEWORK_HEADER = YES;
				CLANG_WARN_RANGE_LOOP_ANALYSIS = YES;
				CLANG_WARN_STRICT_PROTOTYPES = YES;
				CLANG_WARN_SUSPICIOUS_MOVE = YES;
				CLANG_WARN_UNGUARDED_AVAILABILITY = YES_AGGRESSIVE;
				CLANG_WARN_UNREACHABLE_CODE = YES;
				CLANG_WARN__DUPLICATE_METHOD_MATCH = YES;
				COPY_PHASE_STRIP = NO;
				DEBUG_INFORMATION_FORMAT = "dwarf-with-dsym";
				ENABLE_NS_ASSERTIONS = NO;
				ENABLE_STRICT_OBJC_MSGSEND = YES;
				ENABLE_USER_SCRIPT_SANDBOXING = YES;
				GCC_C_LANGUAGE_STANDARD = gnu17;
				GCC_NO_COMMON_BLOCKS = YES;
				GCC_WARN_64_TO_32_BIT_CONVERSION = YES;
				GCC_WARN_ABOUT_RETURN_TYPE = YES_ERROR;
				GCC_WARN_UNDECLARED_SELECTOR = YES;
				GCC_WARN_UNINITIALIZED_AUTOS = YES_AGGRESSIVE;
				GCC_WARN_UNUSED_FUNCTION = YES;
				GCC_WARN_UNUSED_VARIABLE = YES;
				IPHONEOS_DEPLOYMENT_TARGET = 17.0;
				LOCALIZATION_PREFERS_STRING_CATALOGS = YES;
				MTL_ENABLE_DEBUG_INFO = NO;
				MTL_FAST_MATH = YES;
				SDKROOT = iphoneos;
				SWIFT_COMPILATION_MODE = wholemodule;
				VALIDATE_PRODUCT = YES;
			};
			name = Release;
		};
		A6F514652C464D1B002053CA /* Debug */ = {
			isa = XCBuildConfiguration;
			buildSettings = {
				ASSETCATALOG_COMPILER_APPICON_NAME = AppIcon;
				ASSETCATALOG_COMPILER_GLOBAL_ACCENT_COLOR_NAME = AccentColor;
				CODE_SIGN_STYLE = Automatic;
				CURRENT_PROJECT_VERSION = 1;
				DEVELOPMENT_TEAM = 8Y63TWT68W;
				GENERATE_INFOPLIST_FILE = YES;
				INFOPLIST_FILE = RemindPay/Info.plist;
				INFOPLIST_KEY_UIApplicationSupportsIndirectInputEvents = YES;
				INFOPLIST_KEY_UILaunchStoryboardName = LaunchScreen;
				INFOPLIST_KEY_UISupportedInterfaceOrientations_iPad = "UIInterfaceOrientationPortrait UIInterfaceOrientationPortraitUpsideDown UIInterfaceOrientationLandscapeLeft UIInterfaceOrientationLandscapeRight";
				INFOPLIST_KEY_UISupportedInterfaceOrientations_iPhone = UIInterfaceOrientationPortrait;
				LD_RUNPATH_SEARCH_PATHS = (
					"$(inherited)",
					"@executable_path/Frameworks",
				);
				MARKETING_VERSION = 1.0;
				PRODUCT_BUNDLE_IDENTIFIER = random.RemindPay;
				PRODUCT_NAME = "$(TARGET_NAME)";
				SWIFT_EMIT_LOC_STRINGS = YES;
				SWIFT_VERSION = 5.0;
				TARGETED_DEVICE_FAMILY = 1;
			};
			name = Debug;
		};
		A6F514662C464D1B002053CA /* Release */ = {
			isa = XCBuildConfiguration;
			buildSettings = {
				ASSETCATALOG_COMPILER_APPICON_NAME = AppIcon;
				ASSETCATALOG_COMPILER_GLOBAL_ACCENT_COLOR_NAME = AccentColor;
				CODE_SIGN_STYLE = Automatic;
				CURRENT_PROJECT_VERSION = 1;
				DEVELOPMENT_TEAM = 8Y63TWT68W;
				GENERATE_INFOPLIST_FILE = YES;
				INFOPLIST_FILE = RemindPay/Info.plist;
				INFOPLIST_KEY_UIApplicationSupportsIndirectInputEvents = YES;
				INFOPLIST_KEY_UILaunchStoryboardName = LaunchScreen;
				INFOPLIST_KEY_UISupportedInterfaceOrientations_iPad = "UIInterfaceOrientationPortrait UIInterfaceOrientationPortraitUpsideDown UIInterfaceOrientationLandscapeLeft UIInterfaceOrientationLandscapeRight";
				INFOPLIST_KEY_UISupportedInterfaceOrientations_iPhone = UIInterfaceOrientationPortrait;
				LD_RUNPATH_SEARCH_PATHS = (
					"$(inherited)",
					"@executable_path/Frameworks",
				);
				MARKETING_VERSION = 1.0;
				PRODUCT_BUNDLE_IDENTIFIER = random.RemindPay;
				PRODUCT_NAME = "$(TARGET_NAME)";
				SWIFT_EMIT_LOC_STRINGS = YES;
				SWIFT_VERSION = 5.0;
				TARGETED_DEVICE_FAMILY = 1;
			};
			name = Release;
		};
		A6F514682C464D1B002053CA /* Debug */ = {
			isa = XCBuildConfiguration;
			buildSettings = {
				ALWAYS_EMBED_SWIFT_STANDARD_LIBRARIES = YES;
				BUNDLE_LOADER = "$(TEST_HOST)";
				CODE_SIGN_STYLE = Automatic;
				CURRENT_PROJECT_VERSION = 1;
				DEVELOPMENT_TEAM = 8Y63TWT68W;
				GENERATE_INFOPLIST_FILE = YES;
				IPHONEOS_DEPLOYMENT_TARGET = 17.0;
				MARKETING_VERSION = 1.0;
				PRODUCT_BUNDLE_IDENTIFIER = random.RemindPayTests;
				PRODUCT_NAME = "$(TARGET_NAME)";
				SWIFT_EMIT_LOC_STRINGS = NO;
				SWIFT_VERSION = 5.0;
				TARGETED_DEVICE_FAMILY = "1,2";
				TEST_HOST = "$(BUILT_PRODUCTS_DIR)/RemindPay.app/$(BUNDLE_EXECUTABLE_FOLDER_PATH)/RemindPay";
			};
			name = Debug;
		};
		A6F514692C464D1B002053CA /* Release */ = {
			isa = XCBuildConfiguration;
			buildSettings = {
				ALWAYS_EMBED_SWIFT_STANDARD_LIBRARIES = YES;
				BUNDLE_LOADER = "$(TEST_HOST)";
				CODE_SIGN_STYLE = Automatic;
				CURRENT_PROJECT_VERSION = 1;
				DEVELOPMENT_TEAM = 8Y63TWT68W;
				GENERATE_INFOPLIST_FILE = YES;
				IPHONEOS_DEPLOYMENT_TARGET = 17.0;
				MARKETING_VERSION = 1.0;
				PRODUCT_BUNDLE_IDENTIFIER = random.RemindPayTests;
				PRODUCT_NAME = "$(TARGET_NAME)";
				SWIFT_EMIT_LOC_STRINGS = NO;
				SWIFT_VERSION = 5.0;
				TARGETED_DEVICE_FAMILY = "1,2";
				TEST_HOST = "$(BUILT_PRODUCTS_DIR)/RemindPay.app/$(BUNDLE_EXECUTABLE_FOLDER_PATH)/RemindPay";
			};
			name = Release;
		};
		A6F5146B2C464D1B002053CA /* Debug */ = {
			isa = XCBuildConfiguration;
			buildSettings = {
				ALWAYS_EMBED_SWIFT_STANDARD_LIBRARIES = YES;
				CODE_SIGN_STYLE = Automatic;
				CURRENT_PROJECT_VERSION = 1;
				DEVELOPMENT_TEAM = 8Y63TWT68W;
				GENERATE_INFOPLIST_FILE = YES;
				MARKETING_VERSION = 1.0;
				PRODUCT_BUNDLE_IDENTIFIER = random.RemindPayUITests;
				PRODUCT_NAME = "$(TARGET_NAME)";
				SWIFT_EMIT_LOC_STRINGS = NO;
				SWIFT_VERSION = 5.0;
				TARGETED_DEVICE_FAMILY = "1,2";
				TEST_TARGET_NAME = RemindPay;
			};
			name = Debug;
		};
		A6F5146C2C464D1B002053CA /* Release */ = {
			isa = XCBuildConfiguration;
			buildSettings = {
				ALWAYS_EMBED_SWIFT_STANDARD_LIBRARIES = YES;
				CODE_SIGN_STYLE = Automatic;
				CURRENT_PROJECT_VERSION = 1;
				DEVELOPMENT_TEAM = 8Y63TWT68W;
				GENERATE_INFOPLIST_FILE = YES;
				MARKETING_VERSION = 1.0;
				PRODUCT_BUNDLE_IDENTIFIER = random.RemindPayUITests;
				PRODUCT_NAME = "$(TARGET_NAME)";
				SWIFT_EMIT_LOC_STRINGS = NO;
				SWIFT_VERSION = 5.0;
				TARGETED_DEVICE_FAMILY = "1,2";
				TEST_TARGET_NAME = RemindPay;
			};
			name = Release;
		};
/* End XCBuildConfiguration section */

/* Begin XCConfigurationList section */
		A6F514322C464D1A002053CA /* Build configuration list for PBXProject "RemindPay" */ = {
			isa = XCConfigurationList;
			buildConfigurations = (
				A6F514622C464D1B002053CA /* Debug */,
				A6F514632C464D1B002053CA /* Release */,
			);
			defaultConfigurationIsVisible = 0;
			defaultConfigurationName = Release;
		};
		A6F514642C464D1B002053CA /* Build configuration list for PBXNativeTarget "RemindPay" */ = {
			isa = XCConfigurationList;
			buildConfigurations = (
				A6F514652C464D1B002053CA /* Debug */,
				A6F514662C464D1B002053CA /* Release */,
			);
			defaultConfigurationIsVisible = 0;
			defaultConfigurationName = Release;
		};
		A6F514672C464D1B002053CA /* Build configuration list for PBXNativeTarget "RemindPayTests" */ = {
			isa = XCConfigurationList;
			buildConfigurations = (
				A6F514682C464D1B002053CA /* Debug */,
				A6F514692C464D1B002053CA /* Release */,
			);
			defaultConfigurationIsVisible = 0;
			defaultConfigurationName = Release;
		};
		A6F5146A2C464D1B002053CA /* Build configuration list for PBXNativeTarget "RemindPayUITests" */ = {
			isa = XCConfigurationList;
			buildConfigurations = (
				A6F5146B2C464D1B002053CA /* Debug */,
				A6F5146C2C464D1B002053CA /* Release */,
			);
			defaultConfigurationIsVisible = 0;
			defaultConfigurationName = Release;
		};
/* End XCConfigurationList section */

/* Begin XCRemoteSwiftPackageReference section */
		A60DCA8C2C4ECD5000F8A4C2 /* XCRemoteSwiftPackageReference "Charts" */ = {
			isa = XCRemoteSwiftPackageReference;
			repositoryURL = "https://github.com/ChartsOrg/Charts";
			requirement = {
				kind = upToNextMajorVersion;
				minimumVersion = 5.1.0;
			};
		};
/* End XCRemoteSwiftPackageReference section */

/* Begin XCSwiftPackageProductDependency section */
		A60DCA8D2C4ECD5000F8A4C2 /* DGCharts */ = {
			isa = XCSwiftPackageProductDependency;
			package = A60DCA8C2C4ECD5000F8A4C2 /* XCRemoteSwiftPackageReference "Charts" */;
			productName = DGCharts;
		};
		A60DCA8F2C4ECD5000F8A4C2 /* DGChartsDynamic */ = {
			isa = XCSwiftPackageProductDependency;
			package = A60DCA8C2C4ECD5000F8A4C2 /* XCRemoteSwiftPackageReference "Charts" */;
			productName = DGChartsDynamic;
		};
/* End XCSwiftPackageProductDependency section */

/* Begin XCVersionGroup section */
		A6F514432C464D1A002053CA /* RemindPay.xcdatamodeld */ = {
			isa = XCVersionGroup;
			children = (
				A6F514442C464D1A002053CA /* RemindPay.xcdatamodel */,
			);
			currentVersion = A6F514442C464D1A002053CA /* RemindPay.xcdatamodel */;
			path = RemindPay.xcdatamodeld;
			sourceTree = "<group>";
			versionGroupType = wrapper.xcdatamodel;
		};
/* End XCVersionGroup section */
	};
	rootObject = A6F5142F2C464D1A002053CA /* Project object */;
}
